PODS:
  - Kiwi (2.3.1)
  - OALayoutAnchor (0.1.0)

DEPENDENCIES:
  - Kiwi
  - OALayoutAnchor (from `../`)

EXTERNAL SOURCES:
  OALayoutAnchor:
    :path: "../"

SPEC CHECKSUMS:
  Kiwi: f038a6c61f7a9e4d7766bff5717aa3b3fdb75f55
  OALayoutAnchor: 0734e56484184a65f2d29d06cf50f879b2f6c5ef

COCOAPODS: 0.37.1
